
Microsoft Visual Studio Solution File, Format Version 12.00
# Visual Studio Version 17
VisualStudioVersion = 17.2.32526.322
MinimumVisualStudioVersion = 10.0.40219.1
Project("{FAE04EC0-301F-11D3-BF4B-00C04F79EFBC}") = "SuperMSoftware", "SuperMSoftware\SuperMSoftware.csproj", "{EE6FC20D-9F30-477A-85F0-9403A2D82502}"
EndProject
Global
	GlobalSection(SolutionConfigurationPlatforms) = preSolution
		Debug|Any CPU = Debug|Any CPU
		Release|Any CPU = Release|Any CPU
	EndGlobalSection
	GlobalSection(ProjectConfigurationPlatforms) = postSolution
		{EE6FC20D-9F30-477A-85F0-9403A2D82502}.Debug|Any CPU.ActiveCfg = Debug|Any CPU
		{EE6FC20D-9F30-477A-85F0-9403A2D82502}.Debug|Any CPU.Build.0 = Debug|Any CPU
		{EE6FC20D-9F30-477A-85F0-9403A2D82502}.Release|Any CPU.ActiveCfg = Release|Any CPU
		{EE6FC20D-9F30-477A-85F0-9403A2D82502}.Release|Any CPU.Build.0 = Release|Any CPU
	EndGlobalSection
	GlobalSection(SolutionProperties) = preSolution
		HideSolutionNode = FALSE
	EndGlobalSection
	GlobalSection(ExtensibilityGlobals) = postSolution
		SolutionGuid = {6806AD16-BBFC-464C-9A32-E9D93662CBCF}
	EndGlobalSection
EndGlobal
